Microsoft Visual Studio Solution File, Format Version 8.00
Project("{656346D9-4656-40DA-A068-22D5425D4639}") = "ShineOn.RTL", "ShineOn.RTL\ShineOn.RTL.chrome", "{EADE7853-FDBE-4770-B0B2-5FF5FDD2DBF7}"
	ProjectSection(ProjectDependencies) = postProject
	EndProjectSection
EndProject
Project("{656346D9-4656-40DA-A068-22D5425D4639}") = "ShineOn.RTL.Win32", "ShineOn.RTL.Win32\ShineOn.RTL.Win32.chrome", "{574E35A9-E590-48A6-B154-35824FCF8856}"
	ProjectSection(ProjectDependencies) = postProject
		{EADE7853-FDBE-4770-B0B2-5FF5FDD2DBF7} = {EADE7853-FDBE-4770-B0B2-5FF5FDD2DBF7}
	EndProjectSection
EndProject
Project("{656346D9-4656-40DA-A068-22D5425D4639}") = "ShineOn.VCL", "ShineOn.VCL\ShineOn.VCL.chrome", "{0D12830E-FF40-428B-A22D-B44134F3C472}"
	ProjectSection(ProjectDependencies) = postProject
		{EADE7853-FDBE-4770-B0B2-5FF5FDD2DBF7} = {EADE7853-FDBE-4770-B0B2-5FF5FDD2DBF7}
	EndProjectSection
EndProject
Project("{656346D9-4656-40DA-A068-22D5425D4639}") = "NUnit.ShineOn.RTL", "NUnit\NUnit.ShineOn.RTL.chrome", "{78329CFC-D7AA-468C-8DF7-DBC4C14D671C}"
	ProjectSection(ProjectDependencies) = postProject
	EndProjectSection
EndProject
Global
	GlobalSection(SolutionConfiguration) = preSolution
		Debug = Debug
		Release = Release
	EndGlobalSection
	GlobalSection(ProjectConfiguration) = postSolution
		{EADE7853-FDBE-4770-B0B2-5FF5FDD2DBF7}.Debug.ActiveCfg = Debug
		{EADE7853-FDBE-4770-B0B2-5FF5FDD2DBF7}.Debug.Build.0 = Debug
		{EADE7853-FDBE-4770-B0B2-5FF5FDD2DBF7}.Release.ActiveCfg = Release
		{EADE7853-FDBE-4770-B0B2-5FF5FDD2DBF7}.Release.Build.0 = Release
		{574E35A9-E590-48A6-B154-35824FCF8856}.Debug.ActiveCfg = Debug
		{574E35A9-E590-48A6-B154-35824FCF8856}.Debug.Build.0 = Debug
		{574E35A9-E590-48A6-B154-35824FCF8856}.Release.ActiveCfg = Release
		{574E35A9-E590-48A6-B154-35824FCF8856}.Release.Build.0 = Release
		{0D12830E-FF40-428B-A22D-B44134F3C472}.Debug.ActiveCfg = Debug
		{0D12830E-FF40-428B-A22D-B44134F3C472}.Debug.Build.0 = Debug
		{0D12830E-FF40-428B-A22D-B44134F3C472}.Release.ActiveCfg = Release
		{0D12830E-FF40-428B-A22D-B44134F3C472}.Release.Build.0 = Release
		{78329CFC-D7AA-468C-8DF7-DBC4C14D671C}.Debug.ActiveCfg = Debug
		{78329CFC-D7AA-468C-8DF7-DBC4C14D671C}.Debug.Build.0 = Debug
		{78329CFC-D7AA-468C-8DF7-DBC4C14D671C}.Release.ActiveCfg = Release
		{78329CFC-D7AA-468C-8DF7-DBC4C14D671C}.Release.Build.0 = Release
	EndGlobalSection
	GlobalSection(ExtensibilityGlobals) = postSolution
	EndGlobalSection
	GlobalSection(ExtensibilityAddIns) = postSolution
	EndGlobalSection
EndGlobal
